// !$*UTF8*$!
{
	archiveVersion = 1;
	classes = {
	};
	objectVersion = 56;
	objects = {

/* Begin PBXBuildFile section */
		1C317CAB28DA2A1C00DC5BF3 /* DojoFramework.framework in Frameworks */ = {isa = PBXBuildFile; fileRef = 1C317CAA28DA2A1C00DC5BF3 /* DojoFramework.framework */; };
		1C317CAC28DA2A1C00DC5BF3 /* DojoFramework.framework in Embed Frameworks */ = {isa = PBXBuildFile; fileRef = 1C317CAA28DA2A1C00DC5BF3 /* DojoFramework.framework */; settings = {ATTRIBUTES = (CodeSignOnCopy, RemoveHeadersOnCopy, ); }; };
		1CE8753C28DA24D1004947F2 /* AppDelegate.swift in Sources */ = {isa = PBXBuildFile; fileRef = 1CE8753B28DA24D1004947F2 /* AppDelegate.swift */; };
		1CE8753E28DA24D1004947F2 /* SceneDelegate.swift in Sources */ = {isa = PBXBuildFile; fileRef = 1CE8753D28DA24D1004947F2 /* SceneDelegate.swift */; };
		1CE8754028DA24D1004947F2 /* RootViewController.swift in Sources */ = {isa = PBXBuildFile; fileRef = 1CE8753F28DA24D1004947F2 /* RootViewController.swift */; };
		1CE8754528DA24D2004947F2 /* Assets.xcassets in Resources */ = {isa = PBXBuildFile; fileRef = 1CE8754428DA24D2004947F2 /* Assets.xcassets */; };
		1CE8754828DA24D2004947F2 /* LaunchScreen.storyboard in Resources */ = {isa = PBXBuildFile; fileRef = 1CE8754628DA24D2004947F2 /* LaunchScreen.storyboard */; };
		1CE8755328DA24D2004947F2 /* DojoUITests.swift in Sources */ = {isa = PBXBuildFile; fileRef = 1CE8755228DA24D2004947F2 /* DojoUITests.swift */; };
		1CE8755D28DA24D2004947F2 /* DojoUIUITests.swift in Sources */ = {isa = PBXBuildFile; fileRef = 1CE8755C28DA24D2004947F2 /* DojoUIUITests.swift */; };
		1CE8755F28DA24D2004947F2 /* DojoUIUITestsLaunchTests.swift in Sources */ = {isa = PBXBuildFile; fileRef = 1CE8755E28DA24D2004947F2 /* DojoUIUITestsLaunchTests.swift */; };
/* End PBXBuildFile section */

/* Begin PBXContainerItemProxy section */
		1CE8754F28DA24D2004947F2 /* PBXContainerItemProxy */ = {
			isa = PBXContainerItemProxy;
			containerPortal = 1CE8753028DA24D1004947F2 /* Project object */;
			proxyType = 1;
			remoteGlobalIDString = 1CE8753728DA24D1004947F2;
			remoteInfo = DojoUI;
		};
		1CE8755928DA24D2004947F2 /* PBXContainerItemProxy */ = {
			isa = PBXContainerItemProxy;
			containerPortal = 1CE8753028DA24D1004947F2 /* Project object */;
			proxyType = 1;
			remoteGlobalIDString = 1CE8753728DA24D1004947F2;
			remoteInfo = DojoUI;
		};
/* End PBXContainerItemProxy section */

/* Begin PBXCopyFilesBuildPhase section */
		1C317CAD28DA2A1C00DC5BF3 /* Embed Frameworks */ = {
			isa = PBXCopyFilesBuildPhase;
			buildActionMask = 2147483647;
			dstPath = "";
			dstSubfolderSpec = 10;
			files = (
				1C317CAC28DA2A1C00DC5BF3 /* DojoFramework.framework in Embed Frameworks */,
			);
			name = "Embed Frameworks";
			runOnlyForDeploymentPostprocessing = 0;
		};
/* End PBXCopyFilesBuildPhase section */

/* Begin PBXFileReference section */
		1C317CAA28DA2A1C00DC5BF3 /* DojoFramework.framework */ = {isa = PBXFileReference; explicitFileType = wrapper.framework; path = DojoFramework.framework; sourceTree = BUILT_PRODUCTS_DIR; };
		1CE8753828DA24D1004947F2 /* DojoUI.app */ = {isa = PBXFileReference; explicitFileType = wrapper.application; includeInIndex = 0; path = DojoUI.app; sourceTree = BUILT_PRODUCTS_DIR; };
		1CE8753B28DA24D1004947F2 /* AppDelegate.swift */ = {isa = PBXFileReference; lastKnownFileType = sourcecode.swift; path = AppDelegate.swift; sourceTree = "<group>"; };
		1CE8753D28DA24D1004947F2 /* SceneDelegate.swift */ = {isa = PBXFileReference; lastKnownFileType = sourcecode.swift; path = SceneDelegate.swift; sourceTree = "<group>"; };
		1CE8753F28DA24D1004947F2 /* RootViewController.swift */ = {isa = PBXFileReference; lastKnownFileType = sourcecode.swift; path = RootViewController.swift; sourceTree = "<group>"; };
		1CE8754428DA24D2004947F2 /* Assets.xcassets */ = {isa = PBXFileReference; lastKnownFileType = folder.assetcatalog; path = Assets.xcassets; sourceTree = "<group>"; };
		1CE8754728DA24D2004947F2 /* Base */ = {isa = PBXFileReference; lastKnownFileType = file.storyboard; name = Base; path = Base.lproj/LaunchScreen.storyboard; sourceTree = "<group>"; };
		1CE8754928DA24D2004947F2 /* Info.plist */ = {isa = PBXFileReference; lastKnownFileType = text.plist.xml; path = Info.plist; sourceTree = "<group>"; };
		1CE8754E28DA24D2004947F2 /* DojoUITests.xctest */ = {isa = PBXFileReference; explicitFileType = wrapper.cfbundle; includeInIndex = 0; path = DojoUITests.xctest; sourceTree = BUILT_PRODUCTS_DIR; };
		1CE8755228DA24D2004947F2 /* DojoUITests.swift */ = {isa = PBXFileReference; lastKnownFileType = sourcecode.swift; path = DojoUITests.swift; sourceTree = "<group>"; };
		1CE8755828DA24D2004947F2 /* DojoUIUITests.xctest */ = {isa = PBXFileReference; explicitFileType = wrapper.cfbundle; includeInIndex = 0; path = DojoUIUITests.xctest; sourceTree = BUILT_PRODUCTS_DIR; };
		1CE8755C28DA24D2004947F2 /* DojoUIUITests.swift */ = {isa = PBXFileReference; lastKnownFileType = sourcecode.swift; path = DojoUIUITests.swift; sourceTree = "<group>"; };
		1CE8755E28DA24D2004947F2 /* DojoUIUITestsLaunchTests.swift */ = {isa = PBXFileReference; lastKnownFileType = sourcecode.swift; path = DojoUIUITestsLaunchTests.swift; sourceTree = "<group>"; };
/* End PBXFileReference section */

/* Begin PBXFrameworksBuildPhase section */
		1CE8753528DA24D1004947F2 /* Frameworks */ = {
			isa = PBXFrameworksBuildPhase;
			buildActionMask = 2147483647;
			files = (
				1C317CAB28DA2A1C00DC5BF3 /* DojoFramework.framework in Frameworks */,
			);
			runOnlyForDeploymentPostprocessing = 0;
		};
		1CE8754B28DA24D2004947F2 /* Frameworks */ = {
			isa = PBXFrameworksBuildPhase;
			buildActionMask = 2147483647;
			files = (
			);
			runOnlyForDeploymentPostprocessing = 0;
		};
		1CE8755528DA24D2004947F2 /* Frameworks */ = {
			isa = PBXFrameworksBuildPhase;
			buildActionMask = 2147483647;
			files = (
			);
			runOnlyForDeploymentPostprocessing = 0;
		};
/* End PBXFrameworksBuildPhase section */

/* Begin PBXGroup section */
		1C317CA928DA2A1C00DC5BF3 /* Frameworks */ = {
			isa = PBXGroup;
			children = (
				1C317CAA28DA2A1C00DC5BF3 /* DojoFramework.framework */,
			);
			name = Frameworks;
			sourceTree = "<group>";
		};
		1CE8752F28DA24D1004947F2 = {
			isa = PBXGroup;
			children = (
				1CE8753A28DA24D1004947F2 /* DojoUI */,
				1CE8755128DA24D2004947F2 /* DojoUITests */,
				1CE8755B28DA24D2004947F2 /* DojoUIUITests */,
				1CE8753928DA24D1004947F2 /* Products */,
				1C317CA928DA2A1C00DC5BF3 /* Frameworks */,
			);
			sourceTree = "<group>";
		};
		1CE8753928DA24D1004947F2 /* Products */ = {
			isa = PBXGroup;
			children = (
				1CE8753828DA24D1004947F2 /* DojoUI.app */,
				1CE8754E28DA24D2004947F2 /* DojoUITests.xctest */,
				1CE8755828DA24D2004947F2 /* DojoUIUITests.xctest */,
			);
			name = Products;
			sourceTree = "<group>";
		};
		1CE8753A28DA24D1004947F2 /* DojoUI */ = {
			isa = PBXGroup;
			children = (
				1CE8753B28DA24D1004947F2 /* AppDelegate.swift */,
				1CE8753D28DA24D1004947F2 /* SceneDelegate.swift */,
				1CE8753F28DA24D1004947F2 /* RootViewController.swift */,
				1CE8754428DA24D2004947F2 /* Assets.xcassets */,
				1CE8754628DA24D2004947F2 /* LaunchScreen.storyboard */,
				1CE8754928DA24D2004947F2 /* Info.plist */,
			);
			path = DojoUI;
			sourceTree = "<group>";
		};
		1CE8755128DA24D2004947F2 /* DojoUITests */ = {
			isa = PBXGroup;
			children = (
				1CE8755228DA24D2004947F2 /* DojoUITests.swift */,
			);
			path = DojoUITests;
			sourceTree = "<group>";
		};
		1CE8755B28DA24D2004947F2 /* DojoUIUITests */ = {
			isa = PBXGroup;
			children = (
				1CE8755C28DA24D2004947F2 /* DojoUIUITests.swift */,
				1CE8755E28DA24D2004947F2 /* DojoUIUITestsLaunchTests.swift */,
			);
			path = DojoUIUITests;
			sourceTree = "<group>";
		};
/* End PBXGroup section */

/* Begin PBXNativeTarget section */
		1CE8753728DA24D1004947F2 /* DojoUI */ = {
			isa = PBXNativeTarget;
			buildConfigurationList = 1CE8756228DA24D2004947F2 /* Build configuration list for PBXNativeTarget "DojoUI" */;
			buildPhases = (
				1CE8753428DA24D1004947F2 /* Sources */,
				1CE8753528DA24D1004947F2 /* Frameworks */,
				1CE8753628DA24D1004947F2 /* Resources */,
				1C317CAD28DA2A1C00DC5BF3 /* Embed Frameworks */,
			);
			buildRules = (
			);
			dependencies = (
			);
			name = DojoUI;
			productName = DojoUI;
			productReference = 1CE8753828DA24D1004947F2 /* DojoUI.app */;
			productType = "com.apple.product-type.application";
		};
		1CE8754D28DA24D2004947F2 /* DojoUITests */ = {
			isa = PBXNativeTarget;
			buildConfigurationList = 1CE8756528DA24D2004947F2 /* Build configuration list for PBXNativeTarget "DojoUITests" */;
			buildPhases = (
				1CE8754A28DA24D2004947F2 /* Sources */,
				1CE8754B28DA24D2004947F2 /* Frameworks */,
				1CE8754C28DA24D2004947F2 /* Resources */,
			);
			buildRules = (
			);
			dependencies = (
				1CE8755028DA24D2004947F2 /* PBXTargetDependency */,
			);
			name = DojoUITests;
			productName = DojoUITests;
			productReference = 1CE8754E28DA24D2004947F2 /* DojoUITests.xctest */;
			productType = "com.apple.product-type.bundle.unit-test";
		};
		1CE8755728DA24D2004947F2 /* DojoUIUITests */ = {
			isa = PBXNativeTarget;
			buildConfigurationList = 1CE8756828DA24D2004947F2 /* Build configuration list for PBXNativeTarget "DojoUIUITests" */;
			buildPhases = (
				1CE8755428DA24D2004947F2 /* Sources */,
				1CE8755528DA24D2004947F2 /* Frameworks */,
				1CE8755628DA24D2004947F2 /* Resources */,
			);
			buildRules = (
			);
			dependencies = (
				1CE8755A28DA24D2004947F2 /* PBXTargetDependency */,
			);
			name = DojoUIUITests;
			productName = DojoUIUITests;
			productReference = 1CE8755828DA24D2004947F2 /* DojoUIUITests.xctest */;
			productType = "com.apple.product-type.bundle.ui-testing";
		};
/* End PBXNativeTarget section */

/* Begin PBXProject section */
		1CE8753028DA24D1004947F2 /* Project object */ = {
			isa = PBXProject;
			attributes = {
				BuildIndependentTargetsInParallel = 1;
				LastSwiftUpdateCheck = 1400;
				LastUpgradeCheck = 1400;
				TargetAttributes = {
					1CE8753728DA24D1004947F2 = {
						CreatedOnToolsVersion = 14.0;
					};
					1CE8754D28DA24D2004947F2 = {
						CreatedOnToolsVersion = 14.0;
						TestTargetID = 1CE8753728DA24D1004947F2;
					};
					1CE8755728DA24D2004947F2 = {
						CreatedOnToolsVersion = 14.0;
						TestTargetID = 1CE8753728DA24D1004947F2;
					};
				};
			};
			buildConfigurationList = 1CE8753328DA24D1004947F2 /* Build configuration list for PBXProject "DojoUI" */;
			compatibilityVersion = "Xcode 14.0";
			developmentRegion = en;
			hasScannedForEncodings = 0;
			knownRegions = (
				en,
				Base,
			);
			mainGroup = 1CE8752F28DA24D1004947F2;
			productRefGroup = 1CE8753928DA24D1004947F2 /* Products */;
			projectDirPath = "";
			projectRoot = "";
			targets = (
				1CE8753728DA24D1004947F2 /* DojoUI */,
				1CE8754D28DA24D2004947F2 /* DojoUITests */,
				1CE8755728DA24D2004947F2 /* DojoUIUITests */,
			);
		};
/* End PBXProject section */

/* Begin PBXResourcesBuildPhase section */
		1CE8753628DA24D1004947F2 /* Resources */ = {
			isa = PBXResourcesBuildPhase;
			buildActionMask = 2147483647;
			files = (
				1CE8754828DA24D2004947F2 /* LaunchScreen.storyboard in Resources */,
				1CE8754528DA24D2004947F2 /* Assets.xcassets in Resources */,
			);
			runOnlyForDeploymentPostprocessing = 0;
		};
		1CE8754C28DA24D2004947F2 /* Resources */ = {
			isa = PBXResourcesBuildPhase;
			buildActionMask = 2147483647;
			files = (
			);
			runOnlyForDeploymentPostprocessing = 0;
		};
		1CE8755628DA24D2004947F2 /* Resources */ = {
			isa = PBXResourcesBuildPhase;
			buildActionMask = 2147483647;
			files = (
			);
			runOnlyForDeploymentPostprocessing = 0;
		};
/* End PBXResourcesBuildPhase section */

/* Begin PBXSourcesBuildPhase section */
		1CE8753428DA24D1004947F2 /* Sources */ = {
			isa = PBXSourcesBuildPhase;
			buildActionMask = 2147483647;
			files = (
				1CE8754028DA24D1004947F2 /* RootViewController.swift in Sources */,
				1CE8753C28DA24D1004947F2 /* AppDelegate.swift in Sources */,
				1CE8753E28DA24D1004947F2 /* SceneDelegate.swift in Sources */,
			);
			runOnlyForDeploymentPostprocessing = 0;
		};
		1CE8754A28DA24D2004947F2 /* Sources */ = {
			isa = PBXSourcesBuildPhase;
			buildActionMask = 2147483647;
			files = (
				1CE8755328DA24D2004947F2 /* DojoUITests.swift in Sources */,
			);
			runOnlyForDeploymentPostprocessing = 0;
		};
		1CE8755428DA24D2004947F2 /* Sources */ = {
			isa = PBXSourcesBuildPhase;
			buildActionMask = 2147483647;
			files = (
				1CE8755F28DA24D2004947F2 /* DojoUIUITestsLaunchTests.swift in Sources */,
				1CE8755D28DA24D2004947F2 /* DojoUIUITests.swift in Sources */,
			);
			runOnlyForDeploymentPostprocessing = 0;
		};
/* End PBXSourcesBuildPhase section */

/* Begin PBXTargetDependency section */
		1CE8755028DA24D2004947F2 /* PBXTargetDependency */ = {
			isa = PBXTargetDependency;
			target = 1CE8753728DA24D1004947F2 /* DojoUI */;
			targetProxy = 1CE8754F28DA24D2004947F2 /* PBXContainerItemProxy */;
		};
		1CE8755A28DA24D2004947F2 /* PBXTargetDependency */ = {
			isa = PBXTargetDependency;
			target = 1CE8753728DA24D1004947F2 /* DojoUI */;
			targetProxy = 1CE8755928DA24D2004947F2 /* PBXContainerItemProxy */;
		};
/* End PBXTargetDependency section */

/* Begin PBXVariantGroup section */
		1CE8754628DA24D2004947F2 /* LaunchScreen.storyboard */ = {
			isa = PBXVariantGroup;
			children = (
				1CE8754728DA24D2004947F2 /* Base */,
			);
			name = LaunchScreen.storyboard;
			sourceTree = "<group>";
		};
/* End PBXVariantGroup section */

/* Begin XCBuildConfiguration section */
		1CE8756028DA24D2004947F2 /* Debug */ = {
			isa = XCBuildConfiguration;
			buildSettings = {
				ALWAYS_SEARCH_USER_PATHS = NO;
				CLANG_ANALYZER_NONNULL = YES;
				CLANG_ANALYZER_NUMBER_OBJECT_CONVERSION = YES_AGGRESSIVE;
				CLANG_CXX_LANGUAGE_STANDARD = "gnu++20";
				CLANG_ENABLE_MODULES = YES;
				CLANG_ENABLE_OBJC_ARC = YES;
				CLANG_ENABLE_OBJC_WEAK = YES;
				CLANG_WARN_BLOCK_CAPTURE_AUTORELEASING = YES;
				CLANG_WARN_BOOL_CONVERSION = YES;
				CLANG_WARN_COMMA = YES;
				CLANG_WARN_CONSTANT_CONVERSION = YES;
				CLANG_WARN_DEPRECATED_OBJC_IMPLEMENTATIONS = YES;
				CLANG_WARN_DIRECT_OBJC_ISA_USAGE = YES_ERROR;
				CLANG_WARN_DOCUMENTATION_COMMENTS = YES;
				CLANG_WARN_EMPTY_BODY = YES;
				CLANG_WARN_ENUM_CONVERSION = YES;
				CLANG_WARN_INFINITE_RECURSION = YES;
				CLANG_WARN_INT_CONVERSION = YES;
				CLANG_WARN_NON_LITERAL_NULL_CONVERSION = YES;
				CLANG_WARN_OBJC_IMPLICIT_RETAIN_SELF = YES;
				CLANG_WARN_OBJC_LITERAL_CONVERSION = YES;
				CLANG_WARN_OBJC_ROOT_CLASS = YES_ERROR;
				CLANG_WARN_QUOTED_INCLUDE_IN_FRAMEWORK_HEADER = YES;
				CLANG_WARN_RANGE_LOOP_ANALYSIS = YES;
				CLANG_WARN_STRICT_PROTOTYPES = YES;
				CLANG_WARN_SUSPICIOUS_MOVE = YES;
				CLANG_WARN_UNGUARDED_AVAILABILITY = YES_AGGRESSIVE;
				CLANG_WARN_UNREACHABLE_CODE = YES;
				CLANG_WARN__DUPLICATE_METHOD_MATCH = YES;
				COPY_PHASE_STRIP = NO;
				DEBUG_INFORMATION_FORMAT = dwarf;
				ENABLE_STRICT_OBJC_MSGSEND = YES;
				ENABLE_TESTABILITY = YES;
				GCC_C_LANGUAGE_STANDARD = gnu11;
				GCC_DYNAMIC_NO_PIC = NO;
				GCC_NO_COMMON_BLOCKS = YES;
				GCC_OPTIMIZATION_LEVEL = 0;
				GCC_PREPROCESSOR_DEFINITIONS = (
					"DEBUG=1",
					"$(inherited)",
				);
				GCC_WARN_64_TO_32_BIT_CONVERSION = YES;
				GCC_WARN_ABOUT_RETURN_TYPE = YES_ERROR;
				GCC_WARN_UNDECLARED_SELECTOR = YES;
				GCC_WARN_UNINITIALIZED_AUTOS = YES_AGGRESSIVE;
				GCC_WARN_UNUSED_FUNCTION = YES;
				GCC_WARN_UNUSED_VARIABLE = YES;
				IPHONEOS_DEPLOYMENT_TARGET = 16.0;
				MTL_ENABLE_DEBUG_INFO = INCLUDE_SOURCE;
				MTL_FAST_MATH = YES;
				ONLY_ACTIVE_ARCH = YES;
				SDKROOT = iphoneos;
				SWIFT_ACTIVE_COMPILATION_CONDITIONS = DEBUG;
				SWIFT_OPTIMIZATION_LEVEL = "-Onone";
			};
			name = Debug;
		};
		1CE8756128DA24D2004947F2 /* Release */ = {
			isa = XCBuildConfiguration;
			buildSettings = {
				ALWAYS_SEARCH_USER_PATHS = NO;
				CLANG_ANALYZER_NONNULL = YES;
				CLANG_ANALYZER_NUMBER_OBJECT_CONVERSION = YES_AGGRESSIVE;
				CLANG_CXX_LANGUAGE_STANDARD = "gnu++20";
				CLANG_ENABLE_MODULES = YES;
				CLANG_ENABLE_OBJC_ARC = YES;
				CLANG_ENABLE_OBJC_WEAK = YES;
				CLANG_WARN_BLOCK_CAPTURE_AUTORELEASING = YES;
				CLANG_WARN_BOOL_CONVERSION = YES;
				CLANG_WARN_COMMA = YES;
				CLANG_WARN_CONSTANT_CONVERSION = YES;
				CLANG_WARN_DEPRECATED_OBJC_IMPLEMENTATIONS = YES;
				CLANG_WARN_DIRECT_OBJC_ISA_USAGE = YES_ERROR;
				CLANG_WARN_DOCUMENTATION_COMMENTS = YES;
				CLANG_WARN_EMPTY_BODY = YES;
				CLANG_WARN_ENUM_CONVERSION = YES;
				CLANG_WARN_INFINITE_RECURSION = YES;
				CLANG_WARN_INT_CONVERSION = YES;
				CLANG_WARN_NON_LITERAL_NULL_CONVERSION = YES;
				CLANG_WARN_OBJC_IMPLICIT_RETAIN_SELF = YES;
				CLANG_WARN_OBJC_LITERAL_CONVERSION = YES;
				CLANG_WARN_OBJC_ROOT_CLASS = YES_ERROR;
				CLANG_WARN_QUOTED_INCLUDE_IN_FRAMEWORK_HEADER = YES;
				CLANG_WARN_RANGE_LOOP_ANALYSIS = YES;
				CLANG_WARN_STRICT_PROTOTYPES = YES;
				CLANG_WARN_SUSPICIOUS_MOVE = YES;
				CLANG_WARN_UNGUARDED_AVAILABILITY = YES_AGGRESSIVE;
				CLANG_WARN_UNREACHABLE_CODE = YES;
				CLANG_WARN__DUPLICATE_METHOD_MATCH = YES;
				COPY_PHASE_STRIP = NO;
				DEBUG_INFORMATION_FORMAT = "dwarf-with-dsym";
				ENABLE_NS_ASSERTIONS = NO;
				ENABLE_STRICT_OBJC_MSGSEND = YES;
				GCC_C_LANGUAGE_STANDARD = gnu11;
				GCC_NO_COMMON_BLOCKS = YES;
				GCC_WARN_64_TO_32_BIT_CONVERSION = YES;
				GCC_WARN_ABOUT_RETURN_TYPE = YES_ERROR;
				GCC_WARN_UNDECLARED_SELECTOR = YES;
				GCC_WARN_UNINITIALIZED_AUTOS = YES_AGGRESSIVE;
				GCC_WARN_UNUSED_FUNCTION = YES;
				GCC_WARN_UNUSED_VARIABLE = YES;
				IPHONEOS_DEPLOYMENT_TARGET = 16.0;
				MTL_ENABLE_DEBUG_INFO = NO;
				MTL_FAST_MATH = YES;
				SDKROOT = iphoneos;
				SWIFT_COMPILATION_MODE = wholemodule;
				SWIFT_OPTIMIZATION_LEVEL = "-O";
				VALIDATE_PRODUCT = YES;
			};
			name = Release;
		};
		1CE8756328DA24D2004947F2 /* Debug */ = {
			isa = XCBuildConfiguration;
			buildSettings = {
				ASSETCATALOG_COMPILER_APPICON_NAME = AppIcon;
				ASSETCATALOG_COMPILER_GLOBAL_ACCENT_COLOR_NAME = AccentColor;
				CODE_SIGN_STYLE = Automatic;
				CURRENT_PROJECT_VERSION = 1;
				DEVELOPMENT_TEAM = JHD9P45GNU;
				GENERATE_INFOPLIST_FILE = YES;
				INFOPLIST_FILE = DojoUI/Info.plist;
				INFOPLIST_KEY_UIApplicationSupportsIndirectInputEvents = YES;
				INFOPLIST_KEY_UILaunchStoryboardName = LaunchScreen;
				INFOPLIST_KEY_UISupportedInterfaceOrientations_iPad = "UIInterfaceOrientationPortrait UIInterfaceOrientationPortraitUpsideDown UIInterfaceOrientationLandscapeLeft UIInterfaceOrientationLandscapeRight";
				INFOPLIST_KEY_UISupportedInterfaceOrientations_iPhone = "UIInterfaceOrientationPortrait UIInterfaceOrientationLandscapeLeft UIInterfaceOrientationLandscapeRight";
				LD_RUNPATH_SEARCH_PATHS = (
					"$(inherited)",
					"@executable_path/Frameworks",
				);
				MARKETING_VERSION = 1.0;
				PRODUCT_BUNDLE_IDENTIFIER = blog.lintuxt.DojoUI;
				PRODUCT_NAME = "$(TARGET_NAME)";
				SWIFT_EMIT_LOC_STRINGS = YES;
				SWIFT_VERSION = 5.0;
				TARGETED_DEVICE_FAMILY = "1,2";
			};
			name = Debug;
		};
		1CE8756428DA24D2004947F2 /* Release */ = {
			isa = XCBuildConfiguration;
			buildSettings = {
				ASSETCATALOG_COMPILER_APPICON_NAME = AppIcon;
				ASSETCATALOG_COMPILER_GLOBAL_ACCENT_COLOR_NAME = AccentColor;
				CODE_SIGN_STYLE = Automatic;
				CURRENT_PROJECT_VERSION = 1;
				DEVELOPMENT_TEAM = JHD9P45GNU;
				GENERATE_INFOPLIST_FILE = YES;
				INFOPLIST_FILE = DojoUI/Info.plist;
				INFOPLIST_KEY_UIApplicationSupportsIndirectInputEvents = YES;
				INFOPLIST_KEY_UILaunchStoryboardName = LaunchScreen;
				INFOPLIST_KEY_UISupportedInterfaceOrientations_iPad = "UIInterfaceOrientationPortrait UIInterfaceOrientationPortraitUpsideDown UIInterfaceOrientationLandscapeLeft UIInterfaceOrientationLandscapeRight";
				INFOPLIST_KEY_UISupportedInterfaceOrientations_iPhone = "UIInterfaceOrientationPortrait UIInterfaceOrientationLandscapeLeft UIInterfaceOrientationLandscapeRight";
				LD_RUNPATH_SEARCH_PATHS = (
					"$(inherited)",
					"@executable_path/Frameworks",
				);
				MARKETING_VERSION = 1.0;
				PRODUCT_BUNDLE_IDENTIFIER = blog.lintuxt.DojoUI;
				PRODUCT_NAME = "$(TARGET_NAME)";
				SWIFT_EMIT_LOC_STRINGS = YES;
				SWIFT_VERSION = 5.0;
				TARGETED_DEVICE_FAMILY = "1,2";
			};
			name = Release;
		};
		1CE8756628DA24D2004947F2 /* Debug */ = {
			isa = XCBuildConfiguration;
			buildSettings = {
				ALWAYS_EMBED_SWIFT_STANDARD_LIBRARIES = YES;
				BUNDLE_LOADER = "$(TEST_HOST)";
				CODE_SIGN_STYLE = Automatic;
				CURRENT_PROJECT_VERSION = 1;
				DEVELOPMENT_TEAM = JHD9P45GNU;
				GENERATE_INFOPLIST_FILE = YES;
				IPHONEOS_DEPLOYMENT_TARGET = 16.0;
				MARKETING_VERSION = 1.0;
				PRODUCT_BUNDLE_IDENTIFIER = blog.lintuxt.DojoUITests;
				PRODUCT_NAME = "$(TARGET_NAME)";
				SWIFT_EMIT_LOC_STRINGS = NO;
				SWIFT_VERSION = 5.0;
				TARGETED_DEVICE_FAMILY = "1,2";
				TEST_HOST = "$(BUILT_PRODUCTS_DIR)/DojoUI.app/$(BUNDLE_EXECUTABLE_FOLDER_PATH)/DojoUI";
			};
			name = Debug;
		};
		1CE8756728DA24D2004947F2 /* Release */ = {
			isa = XCBuildConfiguration;
			buildSettings = {
				ALWAYS_EMBED_SWIFT_STANDARD_LIBRARIES = YES;
				BUNDLE_LOADER = "$(TEST_HOST)";
				CODE_SIGN_STYLE = Automatic;
				CURRENT_PROJECT_VERSION = 1;
				DEVELOPMENT_TEAM = JHD9P45GNU;
				GENERATE_INFOPLIST_FILE = YES;
				IPHONEOS_DEPLOYMENT_TARGET = 16.0;
				MARKETING_VERSION = 1.0;
				PRODUCT_BUNDLE_IDENTIFIER = blog.lintuxt.DojoUITests;
				PRODUCT_NAME = "$(TARGET_NAME)";
				SWIFT_EMIT_LOC_STRINGS = NO;
				SWIFT_VERSION = 5.0;
				TARGETED_DEVICE_FAMILY = "1,2";
				TEST_HOST = "$(BUILT_PRODUCTS_DIR)/DojoUI.app/$(BUNDLE_EXECUTABLE_FOLDER_PATH)/DojoUI";
			};
			name = Release;
		};
		1CE8756928DA24D2004947F2 /* Debug */ = {
			isa = XCBuildConfiguration;
			buildSettings = {
				ALWAYS_EMBED_SWIFT_STANDARD_LIBRARIES = YES;
				CODE_SIGN_STYLE = Automatic;
				CURRENT_PROJECT_VERSION = 1;
				DEVELOPMENT_TEAM = JHD9P45GNU;
				GENERATE_INFOPLIST_FILE = YES;
				MARKETING_VERSION = 1.0;
				PRODUCT_BUNDLE_IDENTIFIER = blog.lintuxt.DojoUIUITests;
				PRODUCT_NAME = "$(TARGET_NAME)";
				SWIFT_EMIT_LOC_STRINGS = NO;
				SWIFT_VERSION = 5.0;
				TARGETED_DEVICE_FAMILY = "1,2";
				TEST_TARGET_NAME = DojoUI;
			};
			name = Debug;
		};
		1CE8756A28DA24D2004947F2 /* Release */ = {
			isa = XCBuildConfiguration;
			buildSettings = {
				ALWAYS_EMBED_SWIFT_STANDARD_LIBRARIES = YES;
				CODE_SIGN_STYLE = Automatic;
				CURRENT_PROJECT_VERSION = 1;
				DEVELOPMENT_TEAM = JHD9P45GNU;
				GENERATE_INFOPLIST_FILE = YES;
				MARKETING_VERSION = 1.0;
				PRODUCT_BUNDLE_IDENTIFIER = blog.lintuxt.DojoUIUITests;
				PRODUCT_NAME = "$(TARGET_NAME)";
				SWIFT_EMIT_LOC_STRINGS = NO;
				SWIFT_VERSION = 5.0;
				TARGETED_DEVICE_FAMILY = "1,2";
				TEST_TARGET_NAME = DojoUI;
			};
			name = Release;
		};
/* End XCBuildConfiguration section */

/* Begin XCConfigurationList section */
		1CE8753328DA24D1004947F2 /* Build configuration list for PBXProject "DojoUI" */ = {
			isa = XCConfigurationList;
			buildConfigurations = (
				1CE8756028DA24D2004947F2 /* Debug */,
				1CE8756128DA24D2004947F2 /* Release */,
			);
			defaultConfigurationIsVisible = 0;
			defaultConfigurationName = Release;
		};
		1CE8756228DA24D2004947F2 /* Build configuration list for PBXNativeTarget "DojoUI" */ = {
			isa = XCConfigurationList;
			buildConfigurations = (
				1CE8756328DA24D2004947F2 /* Debug */,
				1CE8756428DA24D2004947F2 /* Release */,
			);
			defaultConfigurationIsVisible = 0;
			defaultConfigurationName = Release;
		};
		1CE8756528DA24D2004947F2 /* Build configuration list for PBXNativeTarget "DojoUITests" */ = {
			isa = XCConfigurationList;
			buildConfigurations = (
				1CE8756628DA24D2004947F2 /* Debug */,
				1CE8756728DA24D2004947F2 /* Release */,
			);
			defaultConfigurationIsVisible = 0;
			defaultConfigurationName = Release;
		};
		1CE8756828DA24D2004947F2 /* Build configuration list for PBXNativeTarget "DojoUIUITests" */ = {
			isa = XCConfigurationList;
			buildConfigurations = (
				1CE8756928DA24D2004947F2 /* Debug */,
				1CE8756A28DA24D2004947F2 /* Release */,
			);
			defaultConfigurationIsVisible = 0;
			defaultConfigurationName = Release;
		};
/* End XCConfigurationList section */
	};
	rootObject = 1CE8753028DA24D1004947F2 /* Project object */;
}
